Microsoft Visual Studio Solution File, Format Version 12.00
# Visual Studio Version 17
VisualStudioVersion = 17.14.35906.104
MinimumVisualStudioVersion = 10.0.40219.1
Project("{8BC9CEB8-8B4A-11D0-8D11-00A0C91BC942}") = "Homework", "Homework\Homework.vcxproj", "{D3C66D8B-3FC4-411B-B472-43270A9F0472}"
EndProject
Project("{8BC9CEB8-8B4A-11D0-8D11-00A0C91BC942}") = "SecondHomework", "SecondHomework\SecondHomework.vcxproj", "{8E34E389-2BFD-48BC-8ACB-6CEEA75F7F1B}"
EndProject
Project("{8BC9CEB8-8B4A-11D0-8D11-00A0C91BC942}") = "ThirdHomework", "ThirdHomework\ThirdHomework.vcxproj", "{2E6CE700-2634-4AC3-BCF2-840F769C3FD2}"
EndProject
Global
	GlobalSection(SolutionConfigurationPlatforms) = preSolution
		Debug|x64 = Debug|x64
		Debug|x86 = Debug|x86
		Release|x64 = Release|x64
		Release|x86 = Release|x86
	EndGlobalSection
	GlobalSection(ProjectConfigurationPlatforms) = postSolution
		{D3C66D8B-3FC4-411B-B472-43270A9F0472}.Debug|x64.ActiveCfg = Debug|x64
		{D3C66D8B-3FC4-411B-B472-43270A9F0472}.Debug|x64.Build.0 = Debug|x64
		{D3C66D8B-3FC4-411B-B472-43270A9F0472}.Debug|x86.ActiveCfg = Debug|Win32
		{D3C66D8B-3FC4-411B-B472-43270A9F0472}.Debug|x86.Build.0 = Debug|Win32
		{D3C66D8B-3FC4-411B-B472-43270A9F0472}.Release|x64.ActiveCfg = Release|x64
		{D3C66D8B-3FC4-411B-B472-43270A9F0472}.Release|x64.Build.0 = Release|x64
		{D3C66D8B-3FC4-411B-B472-43270A9F0472}.Release|x86.ActiveCfg = Release|Win32
		{D3C66D8B-3FC4-411B-B472-43270A9F0472}.Release|x86.Build.0 = Release|Win32
		{8E34E389-2BFD-48BC-8ACB-6CEEA75F7F1B}.Debug|x64.ActiveCfg = Debug|x64
		{8E34E389-2BFD-48BC-8ACB-6CEEA75F7F1B}.Debug|x64.Build.0 = Debug|x64
		{8E34E389-2BFD-48BC-8ACB-6CEEA75F7F1B}.Debug|x86.ActiveCfg = Debug|Win32
		{8E34E389-2BFD-48BC-8ACB-6CEEA75F7F1B}.Debug|x86.Build.0 = Debug|Win32
		{8E34E389-2BFD-48BC-8ACB-6CEEA75F7F1B}.Release|x64.ActiveCfg = Release|x64
		{8E34E389-2BFD-48BC-8ACB-6CEEA75F7F1B}.Release|x64.Build.0 = Release|x64
		{8E34E389-2BFD-48BC-8ACB-6CEEA75F7F1B}.Release|x86.ActiveCfg = Release|Win32
		{8E34E389-2BFD-48BC-8ACB-6CEEA75F7F1B}.Release|x86.Build.0 = Release|Win32
		{2E6CE700-2634-4AC3-BCF2-840F769C3FD2}.Debug|x64.ActiveCfg = Debug|x64
		{2E6CE700-2634-4AC3-BCF2-840F769C3FD2}.Debug|x64.Build.0 = Debug|x64
		{2E6CE700-2634-4AC3-BCF2-840F769C3FD2}.Debug|x86.ActiveCfg = Debug|Win32
		{2E6CE700-2634-4AC3-BCF2-840F769C3FD2}.Debug|x86.Build.0 = Debug|Win32
		{2E6CE700-2634-4AC3-BCF2-840F769C3FD2}.Release|x64.ActiveCfg = Release|x64
		{2E6CE700-2634-4AC3-BCF2-840F769C3FD2}.Release|x64.Build.0 = Release|x64
		{2E6CE700-2634-4AC3-BCF2-840F769C3FD2}.Release|x86.ActiveCfg = Release|Win32
		{2E6CE700-2634-4AC3-BCF2-840F769C3FD2}.Release|x86.Build.0 = Release|Win32
	EndGlobalSection
	GlobalSection(SolutionProperties) = preSolution
		HideSolutionNode = FALSE
	EndGlobalSection
	GlobalSection(ExtensibilityGlobals) = postSolution
		SolutionGuid = {4ADCE039-2E6A-4DCF-A5BA-47A644CFA412}
	EndGlobalSection
EndGlobal
